{
  "requires": true,
  "lockfileVersion": 1,
  "dependencies": {
    "countup.js": {
      "version": "1.9.3",
      "resolved": "https://registry.npmjs.org/countup.js/-/countup.js-1.9.3.tgz",
      "integrity": "sha1-zj5QzXFgRB5HjwfaMYle3MDxyd0="
    },
    "js-tokens": {
      "version": "4.0.0",
      "resolved": "https://registry.npmjs.org/js-tokens/-/js-tokens-4.0.0.tgz",
      "integrity": "sha512-RdJUflcE3cUzKiMqQgsCu06FPu9UdIJO0beYbPhHN4k6apgJtifcoCtT9bcxOpYBtpD2kCM6Sbzg4CausW/PKQ=="
    },
    "lodash.debounce": {
      "version": "4.0.8",
      "resolved": "https://registry.npmjs.org/lodash.debounce/-/lodash.debounce-4.0.8.tgz",
      "integrity": "sha1-gteb/zCmfEAF/9XiUVMArZyk168="
    },
    "lodash.throttle": {
      "version": "4.1.1",
      "resolved": "https://registry.npmjs.org/lodash.throttle/-/lodash.throttle-4.1.1.tgz",
      "integrity": "sha1-wj6RtxAkKscMN/HhzaknTMOb8vQ="
    },
    "loose-envify": {
      "version": "1.4.0",
      "resolved": "https://registry.npmjs.org/loose-envify/-/loose-envify-1.4.0.tgz",
      "integrity": "sha512-lyuxPGr/Wfhrlem2CL/UcnUc1zcqKAImBDzukY7Y5F/yQiNdko6+fRLevlw1HgMySw7f611UIY408EtxRSoK3Q==",
      "requires": {
        "js-tokens": "^3.0.0 || ^4.0.0"
      }
    },
    "object-assign": {
      "version": "4.1.1",
      "resolved": "https://registry.npmjs.org/object-assign/-/object-assign-4.1.1.tgz",
      "integrity": "sha1-IQmtx5ZYh8/AXLvUQsrIv7s2CGM="
    },
    "prop-types": {
      "version": "15.7.2",
      "resolved": "https://registry.npmjs.org/prop-types/-/prop-types-15.7.2.tgz",
      "integrity": "sha512-8QQikdH7//R2vurIJSutZ1smHYTcLpRWEOlHnzcWHmBYrOGUysKwSsrC89BCiFj3CbrfJ/nXFdJepOVrY1GCHQ==",
      "requires": {
        "loose-envify": "^1.4.0",
        "object-assign": "^4.1.1",
        "react-is": "^16.8.1"
      }
    },
    "react-countup": {
      "version": "4.3.3",
      "resolved": "https://registry.npmjs.org/react-countup/-/react-countup-4.3.3.tgz",
      "integrity": "sha512-pWnxpwdPNRyJFha/YKKbyc4RLAw8PzmULdgCziGIgw6vxhT1VdccrvQgj38HBSoM2qF/MoLmn4M2klvDWVIdaw==",
      "requires": {
        "countup.js": "^1.9.3",
        "prop-types": "^15.7.2",
        "warning": "^4.0.3"
      }
    },
    "react-is": {
      "version": "16.13.1",
      "resolved": "https://registry.npmjs.org/react-is/-/react-is-16.13.1.tgz",
      "integrity": "sha512-24e6ynE2H+OKt4kqsOvNd8kBpV65zoxbA4BVsEOB3ARVWQki/DHzaUoC5KuON/BiccDaCCTZBuOcfZs70kR8bQ=="
    },
    "react-lazy-load-image-component": {
      "version": "1.5.0",
      "resolved": "https://registry.npmjs.org/react-lazy-load-image-component/-/react-lazy-load-image-component-1.5.0.tgz",
      "integrity": "sha512-dAvuueTq0FNjswHEII8tcd0FRRHZgPoIdVhE1fcAfCdqY7LZ37IHd0xWb2c6rCl+dsSm9Z4AloEffM8JYPxTlA==",
      "requires": {
        "lodash.debounce": "^4.0.8",
        "lodash.throttle": "^4.1.1"
      }
    },
    "react-typed": {
      "version": "1.2.0",
      "resolved": "https://registry.npmjs.org/react-typed/-/react-typed-1.2.0.tgz",
      "integrity": "sha512-aDsaA6zkjAFJs8285APOqE85l/kwJ0/ZJmBhARwUrza4TTttrMM5FcMCGEDdThdfUdHo/0l9WXmxp1m2ik4qdw==",
      "requires": {
        "prop-types": "^15.6.0",
        "typed.js": "^2.0.6"
      }
    },
    "react-visibility-sensor": {
      "version": "5.1.1",
      "resolved": "https://registry.npmjs.org/react-visibility-sensor/-/react-visibility-sensor-5.1.1.tgz",
      "integrity": "sha512-cTUHqIK+zDYpeK19rzW6zF9YfT4486TIgizZW53wEZ+/GPBbK7cNS0EHyJVyHYacwFEvvHLEKfgJndbemWhB/w==",
      "requires": {
        "prop-types": "^15.7.2"
      }
    },
    "typed.js": {
      "version": "2.0.11",
      "resolved": "https://registry.npmjs.org/typed.js/-/typed.js-2.0.11.tgz",
      "integrity": "sha512-1ZORHalEyLob34q738mqmwp0pT6syMigB1SZuTItqdhovWBKFIt7I5uVALXAGQZCg2MCtihCt6uqkoqPJK+9iQ=="
    },
    "warning": {
      "version": "4.0.3",
      "resolved": "https://registry.npmjs.org/warning/-/warning-4.0.3.tgz",
      "integrity": "sha512-rpJyN222KWIvHJ/F53XSZv0Zl/accqHR8et1kpaMTD/fLCRxtV8iX8czMzY7sVZupTI3zcUTg8eycS2kNF9l6w==",
      "requires": {
        "loose-envify": "^1.0.0"
      }
    }
  }
}
